// !$*UTF8*$!
{
	archiveVersion = 1;
	classes = {
	};
	objectVersion = 56;
	objects = {

/* Begin PBXBuildFile section */
		D20DDCBC2B96A7120070015C /* WeakRefVirtualProxy.swift in Sources */ = {isa = PBXBuildFile; fileRef = D20DDCBB2B96A7120070015C /* WeakRefVirtualProxy.swift */; };
		D20DDCBE2B96A72E0070015C /* MovieCellController.swift in Sources */ = {isa = PBXBuildFile; fileRef = D20DDCBD2B96A72E0070015C /* MovieCellController.swift */; };
		D20DDCC12B96A74A0070015C /* ErrorView.swift in Sources */ = {isa = PBXBuildFile; fileRef = D20DDCC02B96A74A0070015C /* ErrorView.swift */; };
		D20DDCC32B96A7530070015C /* MovieViewCell.swift in Sources */ = {isa = PBXBuildFile; fileRef = D20DDCC22B96A7520070015C /* MovieViewCell.swift */; };
		D20DDCC62B96A7680070015C /* Movie.swift in Sources */ = {isa = PBXBuildFile; fileRef = D20DDCC52B96A7680070015C /* Movie.swift */; };
		D20DDCC92B96A77A0070015C /* MoviesDataLoader.swift in Sources */ = {isa = PBXBuildFile; fileRef = D20DDCC82B96A77A0070015C /* MoviesDataLoader.swift */; };
		D20DDCCC2B96A7B20070015C /* UIImageView+SetImageAnimated.swift in Sources */ = {isa = PBXBuildFile; fileRef = D20DDCCB2B96A7B20070015C /* UIImageView+SetImageAnimated.swift */; };
		D20DDCCE2B96A7C10070015C /* UITableView+CellDequeue.swift in Sources */ = {isa = PBXBuildFile; fileRef = D20DDCCD2B96A7C10070015C /* UITableView+CellDequeue.swift */; };
		D20DDCD02B96A7DD0070015C /* UIView+Shimmering.swift in Sources */ = {isa = PBXBuildFile; fileRef = D20DDCCF2B96A7DD0070015C /* UIView+Shimmering.swift */; };
		D20DDCD22B96A8510070015C /* HTTPClient.swift in Sources */ = {isa = PBXBuildFile; fileRef = D20DDCD12B96A8510070015C /* HTTPClient.swift */; };
		D20DDCD42B96A85C0070015C /* URLSessionHTTPClient.swift in Sources */ = {isa = PBXBuildFile; fileRef = D20DDCD32B96A85C0070015C /* URLSessionHTTPClient.swift */; };
		D20DDCD62B96A86B0070015C /* RemoteMoviesDataLoader.swift in Sources */ = {isa = PBXBuildFile; fileRef = D20DDCD52B96A86B0070015C /* RemoteMoviesDataLoader.swift */; };
		D20DDCD92B96A87C0070015C /* RemoteMovieImageDataLoader.swift in Sources */ = {isa = PBXBuildFile; fileRef = D20DDCD82B96A87C0070015C /* RemoteMovieImageDataLoader.swift */; };
		D20DDCDB2B96A89B0070015C /* MovieListMapper.swift in Sources */ = {isa = PBXBuildFile; fileRef = D20DDCDA2B96A89B0070015C /* MovieListMapper.swift */; };
		D20DDCDD2B96A8B60070015C /* MoviesListUIComposer.swift in Sources */ = {isa = PBXBuildFile; fileRef = D20DDCDC2B96A8B60070015C /* MoviesListUIComposer.swift */; };
		D20DDCDF2B96A8C80070015C /* Endpoint.swift in Sources */ = {isa = PBXBuildFile; fileRef = D20DDCDE2B96A8C80070015C /* Endpoint.swift */; };
		D20DDCE12B96AF010070015C /* MovieShimmeringCell.swift in Sources */ = {isa = PBXBuildFile; fileRef = D20DDCE02B96AF000070015C /* MovieShimmeringCell.swift */; };
		D20DDCE42B96D0F80070015C /* MoviesListViewModel.swift in Sources */ = {isa = PBXBuildFile; fileRef = D20DDCE32B96D0F80070015C /* MoviesListViewModel.swift */; };
		D20DDCE72B96D2A50070015C /* MovieDetailsView.swift in Sources */ = {isa = PBXBuildFile; fileRef = D20DDCE62B96D2A50070015C /* MovieDetailsView.swift */; };
		D2212E432B916839002F9A96 /* AppDelegate.swift in Sources */ = {isa = PBXBuildFile; fileRef = D2212E422B916839002F9A96 /* AppDelegate.swift */; };
		D2212E452B916839002F9A96 /* SceneDelegate.swift in Sources */ = {isa = PBXBuildFile; fileRef = D2212E442B916839002F9A96 /* SceneDelegate.swift */; };
		D2212E472B916839002F9A96 /* MoviesListViewController.swift in Sources */ = {isa = PBXBuildFile; fileRef = D2212E462B916839002F9A96 /* MoviesListViewController.swift */; };
		D2212E4C2B91683A002F9A96 /* Assets.xcassets in Resources */ = {isa = PBXBuildFile; fileRef = D2212E4B2B91683A002F9A96 /* Assets.xcassets */; };
		D2212E4F2B91683A002F9A96 /* LaunchScreen.storyboard in Resources */ = {isa = PBXBuildFile; fileRef = D2212E4D2B91683A002F9A96 /* LaunchScreen.storyboard */; };
		D2212E5A2B91683A002F9A96 /* MoviesListIntegrationTests.swift in Sources */ = {isa = PBXBuildFile; fileRef = D2212E592B91683A002F9A96 /* MoviesListIntegrationTests.swift */; };
		D2212E642B91683A002F9A96 /* ButterflyChallengeUITests.swift in Sources */ = {isa = PBXBuildFile; fileRef = D2212E632B91683A002F9A96 /* ButterflyChallengeUITests.swift */; };
		D2212E742B916DBA002F9A96 /* MoviesListTests+Helpers.swift in Sources */ = {isa = PBXBuildFile; fileRef = D2212E732B916DBA002F9A96 /* MoviesListTests+Helpers.swift */; };
		D2212E762B9597B0002F9A96 /* MoviesList.storyboard in Resources */ = {isa = PBXBuildFile; fileRef = D2212E752B9597B0002F9A96 /* MoviesList.storyboard */; };
/* End PBXBuildFile section */

/* Begin PBXContainerItemProxy section */
		D2212E562B91683A002F9A96 /* PBXContainerItemProxy */ = {
			isa = PBXContainerItemProxy;
			containerPortal = D2212E372B916839002F9A96 /* Project object */;
			proxyType = 1;
			remoteGlobalIDString = D2212E3E2B916839002F9A96;
			remoteInfo = ButterflyChallenge;
		};
		D2212E602B91683A002F9A96 /* PBXContainerItemProxy */ = {
			isa = PBXContainerItemProxy;
			containerPortal = D2212E372B916839002F9A96 /* Project object */;
			proxyType = 1;
			remoteGlobalIDString = D2212E3E2B916839002F9A96;
			remoteInfo = ButterflyChallenge;
		};
/* End PBXContainerItemProxy section */

/* Begin PBXFileReference section */
		D20DDCBB2B96A7120070015C /* WeakRefVirtualProxy.swift */ = {isa = PBXFileReference; lastKnownFileType = sourcecode.swift; path = WeakRefVirtualProxy.swift; sourceTree = "<group>"; };
		D20DDCBD2B96A72E0070015C /* MovieCellController.swift */ = {isa = PBXFileReference; lastKnownFileType = sourcecode.swift; path = MovieCellController.swift; sourceTree = "<group>"; };
		D20DDCC02B96A74A0070015C /* ErrorView.swift */ = {isa = PBXFileReference; lastKnownFileType = sourcecode.swift; path = ErrorView.swift; sourceTree = "<group>"; };
		D20DDCC22B96A7520070015C /* MovieViewCell.swift */ = {isa = PBXFileReference; lastKnownFileType = sourcecode.swift; path = MovieViewCell.swift; sourceTree = "<group>"; };
		D20DDCC52B96A7680070015C /* Movie.swift */ = {isa = PBXFileReference; lastKnownFileType = sourcecode.swift; path = Movie.swift; sourceTree = "<group>"; };
		D20DDCC82B96A77A0070015C /* MoviesDataLoader.swift */ = {isa = PBXFileReference; lastKnownFileType = sourcecode.swift; path = MoviesDataLoader.swift; sourceTree = "<group>"; };
		D20DDCCB2B96A7B20070015C /* UIImageView+SetImageAnimated.swift */ = {isa = PBXFileReference; lastKnownFileType = sourcecode.swift; path = "UIImageView+SetImageAnimated.swift"; sourceTree = "<group>"; };
		D20DDCCD2B96A7C10070015C /* UITableView+CellDequeue.swift */ = {isa = PBXFileReference; lastKnownFileType = sourcecode.swift; path = "UITableView+CellDequeue.swift"; sourceTree = "<group>"; };
		D20DDCCF2B96A7DD0070015C /* UIView+Shimmering.swift */ = {isa = PBXFileReference; lastKnownFileType = sourcecode.swift; path = "UIView+Shimmering.swift"; sourceTree = "<group>"; };
		D20DDCD12B96A8510070015C /* HTTPClient.swift */ = {isa = PBXFileReference; lastKnownFileType = sourcecode.swift; path = HTTPClient.swift; sourceTree = "<group>"; };
		D20DDCD32B96A85C0070015C /* URLSessionHTTPClient.swift */ = {isa = PBXFileReference; lastKnownFileType = sourcecode.swift; path = URLSessionHTTPClient.swift; sourceTree = "<group>"; };
		D20DDCD52B96A86B0070015C /* RemoteMoviesDataLoader.swift */ = {isa = PBXFileReference; lastKnownFileType = sourcecode.swift; path = RemoteMoviesDataLoader.swift; sourceTree = "<group>"; };
		D20DDCD82B96A87C0070015C /* RemoteMovieImageDataLoader.swift */ = {isa = PBXFileReference; lastKnownFileType = sourcecode.swift; path = RemoteMovieImageDataLoader.swift; sourceTree = "<group>"; };
		D20DDCDA2B96A89B0070015C /* MovieListMapper.swift */ = {isa = PBXFileReference; lastKnownFileType = sourcecode.swift; path = MovieListMapper.swift; sourceTree = "<group>"; };
		D20DDCDC2B96A8B60070015C /* MoviesListUIComposer.swift */ = {isa = PBXFileReference; lastKnownFileType = sourcecode.swift; path = MoviesListUIComposer.swift; sourceTree = "<group>"; };
		D20DDCDE2B96A8C80070015C /* Endpoint.swift */ = {isa = PBXFileReference; lastKnownFileType = sourcecode.swift; path = Endpoint.swift; sourceTree = "<group>"; };
		D20DDCE02B96AF000070015C /* MovieShimmeringCell.swift */ = {isa = PBXFileReference; lastKnownFileType = sourcecode.swift; path = MovieShimmeringCell.swift; sourceTree = "<group>"; };
		D20DDCE32B96D0F80070015C /* MoviesListViewModel.swift */ = {isa = PBXFileReference; lastKnownFileType = sourcecode.swift; path = MoviesListViewModel.swift; sourceTree = "<group>"; };
		D20DDCE62B96D2A50070015C /* MovieDetailsView.swift */ = {isa = PBXFileReference; lastKnownFileType = sourcecode.swift; path = MovieDetailsView.swift; sourceTree = "<group>"; };
		D2212E3F2B916839002F9A96 /* ButterflyChallenge.app */ = {isa = PBXFileReference; explicitFileType = wrapper.application; includeInIndex = 0; path = ButterflyChallenge.app; sourceTree = BUILT_PRODUCTS_DIR; };
		D2212E422B916839002F9A96 /* AppDelegate.swift */ = {isa = PBXFileReference; lastKnownFileType = sourcecode.swift; path = AppDelegate.swift; sourceTree = "<group>"; };
		D2212E442B916839002F9A96 /* SceneDelegate.swift */ = {isa = PBXFileReference; lastKnownFileType = sourcecode.swift; path = SceneDelegate.swift; sourceTree = "<group>"; };
		D2212E462B916839002F9A96 /* MoviesListViewController.swift */ = {isa = PBXFileReference; lastKnownFileType = sourcecode.swift; path = MoviesListViewController.swift; sourceTree = "<group>"; };
		D2212E4B2B91683A002F9A96 /* Assets.xcassets */ = {isa = PBXFileReference; lastKnownFileType = folder.assetcatalog; path = Assets.xcassets; sourceTree = "<group>"; };
		D2212E4E2B91683A002F9A96 /* Base */ = {isa = PBXFileReference; lastKnownFileType = file.storyboard; name = Base; path = Base.lproj/LaunchScreen.storyboard; sourceTree = "<group>"; };
		D2212E502B91683A002F9A96 /* Info.plist */ = {isa = PBXFileReference; lastKnownFileType = text.plist.xml; path = Info.plist; sourceTree = "<group>"; };
		D2212E552B91683A002F9A96 /* ButterflyChallengeTests.xctest */ = {isa = PBXFileReference; explicitFileType = wrapper.cfbundle; includeInIndex = 0; path = ButterflyChallengeTests.xctest; sourceTree = BUILT_PRODUCTS_DIR; };
		D2212E592B91683A002F9A96 /* MoviesListIntegrationTests.swift */ = {isa = PBXFileReference; lastKnownFileType = sourcecode.swift; path = MoviesListIntegrationTests.swift; sourceTree = "<group>"; };
		D2212E5F2B91683A002F9A96 /* ButterflyChallengeUITests.xctest */ = {isa = PBXFileReference; explicitFileType = wrapper.cfbundle; includeInIndex = 0; path = ButterflyChallengeUITests.xctest; sourceTree = BUILT_PRODUCTS_DIR; };
		D2212E632B91683A002F9A96 /* ButterflyChallengeUITests.swift */ = {isa = PBXFileReference; lastKnownFileType = sourcecode.swift; path = ButterflyChallengeUITests.swift; sourceTree = "<group>"; };
		D2212E732B916DBA002F9A96 /* MoviesListTests+Helpers.swift */ = {isa = PBXFileReference; lastKnownFileType = sourcecode.swift; path = "MoviesListTests+Helpers.swift"; sourceTree = "<group>"; };
		D2212E752B9597B0002F9A96 /* MoviesList.storyboard */ = {isa = PBXFileReference; lastKnownFileType = file.storyboard; path = MoviesList.storyboard; sourceTree = "<group>"; };
/* End PBXFileReference section */

/* Begin PBXFrameworksBuildPhase section */
		D2212E3C2B916839002F9A96 /* Frameworks */ = {
			isa = PBXFrameworksBuildPhase;
			buildActionMask = 2147483647;
			files = (
			);
			runOnlyForDeploymentPostprocessing = 0;
		};
		D2212E522B91683A002F9A96 /* Frameworks */ = {
			isa = PBXFrameworksBuildPhase;
			buildActionMask = 2147483647;
			files = (
			);
			runOnlyForDeploymentPostprocessing = 0;
		};
		D2212E5C2B91683A002F9A96 /* Frameworks */ = {
			isa = PBXFrameworksBuildPhase;
			buildActionMask = 2147483647;
			files = (
			);
			runOnlyForDeploymentPostprocessing = 0;
		};
/* End PBXFrameworksBuildPhase section */

/* Begin PBXGroup section */
		D20DDCBA2B96A7050070015C /* MoviesList */ = {
			isa = PBXGroup;
			children = (
				D20DDCE22B96D0F20070015C /* Presentation */,
				D20DDCC72B96A7710070015C /* API */,
				D20DDCC42B96A75B0070015C /* Model */,
				D20DDCBF2B96A73A0070015C /* UI */,
				D20DDCDC2B96A8B60070015C /* MoviesListUIComposer.swift */,
			);
			path = MoviesList;
			sourceTree = "<group>";
		};
		D20DDCBF2B96A73A0070015C /* UI */ = {
			isa = PBXGroup;
			children = (
				D2212E752B9597B0002F9A96 /* MoviesList.storyboard */,
				D2212E462B916839002F9A96 /* MoviesListViewController.swift */,
				D20DDCBD2B96A72E0070015C /* MovieCellController.swift */,
				D20DDCC02B96A74A0070015C /* ErrorView.swift */,
				D20DDCC22B96A7520070015C /* MovieViewCell.swift */,
				D20DDCE02B96AF000070015C /* MovieShimmeringCell.swift */,
			);
			path = UI;
			sourceTree = "<group>";
		};
		D20DDCC42B96A75B0070015C /* Model */ = {
			isa = PBXGroup;
			children = (
				D20DDCC52B96A7680070015C /* Movie.swift */,
			);
			path = Model;
			sourceTree = "<group>";
		};
		D20DDCC72B96A7710070015C /* API */ = {
			isa = PBXGroup;
			children = (
				D20DDCD72B96A8730070015C /* Remote */,
				D20DDCD12B96A8510070015C /* HTTPClient.swift */,
				D20DDCD32B96A85C0070015C /* URLSessionHTTPClient.swift */,
				D20DDCC82B96A77A0070015C /* MoviesDataLoader.swift */,
			);
			path = API;
			sourceTree = "<group>";
		};
		D20DDCCA2B96A79D0070015C /* Helpers */ = {
			isa = PBXGroup;
			children = (
				D20DDCBB2B96A7120070015C /* WeakRefVirtualProxy.swift */,
				D20DDCCB2B96A7B20070015C /* UIImageView+SetImageAnimated.swift */,
				D20DDCCD2B96A7C10070015C /* UITableView+CellDequeue.swift */,
				D20DDCCF2B96A7DD0070015C /* UIView+Shimmering.swift */,
			);
			path = Helpers;
			sourceTree = "<group>";
		};
		D20DDCD72B96A8730070015C /* Remote */ = {
			isa = PBXGroup;
			children = (
				D20DDCD52B96A86B0070015C /* RemoteMoviesDataLoader.swift */,
				D20DDCD82B96A87C0070015C /* RemoteMovieImageDataLoader.swift */,
				D20DDCDA2B96A89B0070015C /* MovieListMapper.swift */,
				D20DDCDE2B96A8C80070015C /* Endpoint.swift */,
			);
			path = Remote;
			sourceTree = "<group>";
		};
		D20DDCE22B96D0F20070015C /* Presentation */ = {
			isa = PBXGroup;
			children = (
				D20DDCE32B96D0F80070015C /* MoviesListViewModel.swift */,
			);
			path = Presentation;
			sourceTree = "<group>";
		};
		D20DDCE52B96D28D0070015C /* MovieDetails */ = {
			isa = PBXGroup;
			children = (
				D20DDCE62B96D2A50070015C /* MovieDetailsView.swift */,
			);
			path = MovieDetails;
			sourceTree = "<group>";
		};
		D2212E362B916839002F9A96 = {
			isa = PBXGroup;
			children = (
				D2212E412B916839002F9A96 /* ButterflyChallenge */,
				D2212E582B91683A002F9A96 /* ButterflyChallengeTests */,
				D2212E622B91683A002F9A96 /* ButterflyChallengeUITests */,
				D2212E402B916839002F9A96 /* Products */,
			);
			sourceTree = "<group>";
		};
		D2212E402B916839002F9A96 /* Products */ = {
			isa = PBXGroup;
			children = (
				D2212E3F2B916839002F9A96 /* ButterflyChallenge.app */,
				D2212E552B91683A002F9A96 /* ButterflyChallengeTests.xctest */,
				D2212E5F2B91683A002F9A96 /* ButterflyChallengeUITests.xctest */,
			);
			name = Products;
			sourceTree = "<group>";
		};
		D2212E412B916839002F9A96 /* ButterflyChallenge */ = {
			isa = PBXGroup;
			children = (
				D2212E502B91683A002F9A96 /* Info.plist */,
				D2212E422B916839002F9A96 /* AppDelegate.swift */,
				D2212E442B916839002F9A96 /* SceneDelegate.swift */,
				D2212E4B2B91683A002F9A96 /* Assets.xcassets */,
				D20DDCCA2B96A79D0070015C /* Helpers */,
				D2212E4D2B91683A002F9A96 /* LaunchScreen.storyboard */,
				D20DDCE52B96D28D0070015C /* MovieDetails */,
				D20DDCBA2B96A7050070015C /* MoviesList */,
			);
			path = ButterflyChallenge;
			sourceTree = "<group>";
		};
		D2212E582B91683A002F9A96 /* ButterflyChallengeTests */ = {
			isa = PBXGroup;
			children = (
				D2212E592B91683A002F9A96 /* MoviesListIntegrationTests.swift */,
				D2212E732B916DBA002F9A96 /* MoviesListTests+Helpers.swift */,
			);
			path = ButterflyChallengeTests;
			sourceTree = "<group>";
		};
		D2212E622B91683A002F9A96 /* ButterflyChallengeUITests */ = {
			isa = PBXGroup;
			children = (
				D2212E632B91683A002F9A96 /* ButterflyChallengeUITests.swift */,
			);
			path = ButterflyChallengeUITests;
			sourceTree = "<group>";
		};
/* End PBXGroup section */

/* Begin PBXNativeTarget section */
		D2212E3E2B916839002F9A96 /* ButterflyChallenge */ = {
			isa = PBXNativeTarget;
			buildConfigurationList = D2212E692B91683A002F9A96 /* Build configuration list for PBXNativeTarget "ButterflyChallenge" */;
			buildPhases = (
				D2212E3B2B916839002F9A96 /* Sources */,
				D2212E3C2B916839002F9A96 /* Frameworks */,
				D2212E3D2B916839002F9A96 /* Resources */,
			);
			buildRules = (
			);
			dependencies = (
			);
			name = ButterflyChallenge;
			productName = ButterflyChallenge;
			productReference = D2212E3F2B916839002F9A96 /* ButterflyChallenge.app */;
			productType = "com.apple.product-type.application";
		};
		D2212E542B91683A002F9A96 /* ButterflyChallengeTests */ = {
			isa = PBXNativeTarget;
			buildConfigurationList = D2212E6C2B91683A002F9A96 /* Build configuration list for PBXNativeTarget "ButterflyChallengeTests" */;
			buildPhases = (
				D2212E512B91683A002F9A96 /* Sources */,
				D2212E522B91683A002F9A96 /* Frameworks */,
				D2212E532B91683A002F9A96 /* Resources */,
			);
			buildRules = (
			);
			dependencies = (
				D2212E572B91683A002F9A96 /* PBXTargetDependency */,
			);
			name = ButterflyChallengeTests;
			productName = ButterflyChallengeTests;
			productReference = D2212E552B91683A002F9A96 /* ButterflyChallengeTests.xctest */;
			productType = "com.apple.product-type.bundle.unit-test";
		};
		D2212E5E2B91683A002F9A96 /* ButterflyChallengeUITests */ = {
			isa = PBXNativeTarget;
			buildConfigurationList = D2212E6F2B91683A002F9A96 /* Build configuration list for PBXNativeTarget "ButterflyChallengeUITests" */;
			buildPhases = (
				D2212E5B2B91683A002F9A96 /* Sources */,
				D2212E5C2B91683A002F9A96 /* Frameworks */,
				D2212E5D2B91683A002F9A96 /* Resources */,
			);
			buildRules = (
			);
			dependencies = (
				D2212E612B91683A002F9A96 /* PBXTargetDependency */,
			);
			name = ButterflyChallengeUITests;
			productName = ButterflyChallengeUITests;
			productReference = D2212E5F2B91683A002F9A96 /* ButterflyChallengeUITests.xctest */;
			productType = "com.apple.product-type.bundle.ui-testing";
		};
/* End PBXNativeTarget section */

/* Begin PBXProject section */
		D2212E372B916839002F9A96 /* Project object */ = {
			isa = PBXProject;
			attributes = {
				BuildIndependentTargetsInParallel = 1;
				LastSwiftUpdateCheck = 1520;
				LastUpgradeCheck = 1520;
				TargetAttributes = {
					D2212E3E2B916839002F9A96 = {
						CreatedOnToolsVersion = 15.2;
					};
					D2212E542B91683A002F9A96 = {
						CreatedOnToolsVersion = 15.2;
						TestTargetID = D2212E3E2B916839002F9A96;
					};
					D2212E5E2B91683A002F9A96 = {
						CreatedOnToolsVersion = 15.2;
						TestTargetID = D2212E3E2B916839002F9A96;
					};
				};
			};
			buildConfigurationList = D2212E3A2B916839002F9A96 /* Build configuration list for PBXProject "ButterflyChallenge" */;
			compatibilityVersion = "Xcode 14.0";
			developmentRegion = en;
			hasScannedForEncodings = 0;
			knownRegions = (
				en,
				Base,
			);
			mainGroup = D2212E362B916839002F9A96;
			productRefGroup = D2212E402B916839002F9A96 /* Products */;
			projectDirPath = "";
			projectRoot = "";
			targets = (
				D2212E3E2B916839002F9A96 /* ButterflyChallenge */,
				D2212E542B91683A002F9A96 /* ButterflyChallengeTests */,
				D2212E5E2B91683A002F9A96 /* ButterflyChallengeUITests */,
			);
		};
/* End PBXProject section */

/* Begin PBXResourcesBuildPhase section */
		D2212E3D2B916839002F9A96 /* Resources */ = {
			isa = PBXResourcesBuildPhase;
			buildActionMask = 2147483647;
			files = (
				D2212E762B9597B0002F9A96 /* MoviesList.storyboard in Resources */,
				D2212E4F2B91683A002F9A96 /* LaunchScreen.storyboard in Resources */,
				D2212E4C2B91683A002F9A96 /* Assets.xcassets in Resources */,
			);
			runOnlyForDeploymentPostprocessing = 0;
		};
		D2212E532B91683A002F9A96 /* Resources */ = {
			isa = PBXResourcesBuildPhase;
			buildActionMask = 2147483647;
			files = (
			);
			runOnlyForDeploymentPostprocessing = 0;
		};
		D2212E5D2B91683A002F9A96 /* Resources */ = {
			isa = PBXResourcesBuildPhase;
			buildActionMask = 2147483647;
			files = (
			);
			runOnlyForDeploymentPostprocessing = 0;
		};
/* End PBXResourcesBuildPhase section */

/* Begin PBXSourcesBuildPhase section */
		D2212E3B2B916839002F9A96 /* Sources */ = {
			isa = PBXSourcesBuildPhase;
			buildActionMask = 2147483647;
			files = (
				D20DDCDB2B96A89B0070015C /* MovieListMapper.swift in Sources */,
				D20DDCCC2B96A7B20070015C /* UIImageView+SetImageAnimated.swift in Sources */,
				D20DDCE72B96D2A50070015C /* MovieDetailsView.swift in Sources */,
				D2212E472B916839002F9A96 /* MoviesListViewController.swift in Sources */,
				D20DDCD22B96A8510070015C /* HTTPClient.swift in Sources */,
				D20DDCC12B96A74A0070015C /* ErrorView.swift in Sources */,
				D2212E432B916839002F9A96 /* AppDelegate.swift in Sources */,
				D20DDCDD2B96A8B60070015C /* MoviesListUIComposer.swift in Sources */,
				D20DDCE12B96AF010070015C /* MovieShimmeringCell.swift in Sources */,
				D20DDCBC2B96A7120070015C /* WeakRefVirtualProxy.swift in Sources */,
				D20DDCD92B96A87C0070015C /* RemoteMovieImageDataLoader.swift in Sources */,
				D2212E452B916839002F9A96 /* SceneDelegate.swift in Sources */,
				D20DDCD42B96A85C0070015C /* URLSessionHTTPClient.swift in Sources */,
				D20DDCD02B96A7DD0070015C /* UIView+Shimmering.swift in Sources */,
				D20DDCDF2B96A8C80070015C /* Endpoint.swift in Sources */,
				D20DDCC92B96A77A0070015C /* MoviesDataLoader.swift in Sources */,
				D20DDCD62B96A86B0070015C /* RemoteMoviesDataLoader.swift in Sources */,
				D20DDCCE2B96A7C10070015C /* UITableView+CellDequeue.swift in Sources */,
				D20DDCBE2B96A72E0070015C /* MovieCellController.swift in Sources */,
				D20DDCE42B96D0F80070015C /* MoviesListViewModel.swift in Sources */,
				D20DDCC62B96A7680070015C /* Movie.swift in Sources */,
				D20DDCC32B96A7530070015C /* MovieViewCell.swift in Sources */,
			);
			runOnlyForDeploymentPostprocessing = 0;
		};
		D2212E512B91683A002F9A96 /* Sources */ = {
			isa = PBXSourcesBuildPhase;
			buildActionMask = 2147483647;
			files = (
				D2212E742B916DBA002F9A96 /* MoviesListTests+Helpers.swift in Sources */,
				D2212E5A2B91683A002F9A96 /* MoviesListIntegrationTests.swift in Sources */,
			);
			runOnlyForDeploymentPostprocessing = 0;
		};
		D2212E5B2B91683A002F9A96 /* Sources */ = {
			isa = PBXSourcesBuildPhase;
			buildActionMask = 2147483647;
			files = (
				D2212E642B91683A002F9A96 /* ButterflyChallengeUITests.swift in Sources */,
			);
			runOnlyForDeploymentPostprocessing = 0;
		};
/* End PBXSourcesBuildPhase section */

/* Begin PBXTargetDependency section */
		D2212E572B91683A002F9A96 /* PBXTargetDependency */ = {
			isa = PBXTargetDependency;
			target = D2212E3E2B916839002F9A96 /* ButterflyChallenge */;
			targetProxy = D2212E562B91683A002F9A96 /* PBXContainerItemProxy */;
		};
		D2212E612B91683A002F9A96 /* PBXTargetDependency */ = {
			isa = PBXTargetDependency;
			target = D2212E3E2B916839002F9A96 /* ButterflyChallenge */;
			targetProxy = D2212E602B91683A002F9A96 /* PBXContainerItemProxy */;
		};
/* End PBXTargetDependency section */

/* Begin PBXVariantGroup section */
		D2212E4D2B91683A002F9A96 /* LaunchScreen.storyboard */ = {
			isa = PBXVariantGroup;
			children = (
				D2212E4E2B91683A002F9A96 /* Base */,
			);
			name = LaunchScreen.storyboard;
			sourceTree = "<group>";
		};
/* End PBXVariantGroup section */

/* Begin XCBuildConfiguration section */
		D2212E672B91683A002F9A96 /* Debug */ = {
			isa = XCBuildConfiguration;
			buildSettings = {
				ALWAYS_SEARCH_USER_PATHS = NO;
				ASSETCATALOG_COMPILER_GENERATE_SWIFT_ASSET_SYMBOL_EXTENSIONS = YES;
				CLANG_ANALYZER_NONNULL = YES;
				CLANG_ANALYZER_NUMBER_OBJECT_CONVERSION = YES_AGGRESSIVE;
				CLANG_CXX_LANGUAGE_STANDARD = "gnu++20";
				CLANG_ENABLE_MODULES = YES;
				CLANG_ENABLE_OBJC_ARC = YES;
				CLANG_ENABLE_OBJC_WEAK = YES;
				CLANG_WARN_BLOCK_CAPTURE_AUTORELEASING = YES;
				CLANG_WARN_BOOL_CONVERSION = YES;
				CLANG_WARN_COMMA = YES;
				CLANG_WARN_CONSTANT_CONVERSION = YES;
				CLANG_WARN_DEPRECATED_OBJC_IMPLEMENTATIONS = YES;
				CLANG_WARN_DIRECT_OBJC_ISA_USAGE = YES_ERROR;
				CLANG_WARN_DOCUMENTATION_COMMENTS = YES;
				CLANG_WARN_EMPTY_BODY = YES;
				CLANG_WARN_ENUM_CONVERSION = YES;
				CLANG_WARN_INFINITE_RECURSION = YES;
				CLANG_WARN_INT_CONVERSION = YES;
				CLANG_WARN_NON_LITERAL_NULL_CONVERSION = YES;
				CLANG_WARN_OBJC_IMPLICIT_RETAIN_SELF = YES;
				CLANG_WARN_OBJC_LITERAL_CONVERSION = YES;
				CLANG_WARN_OBJC_ROOT_CLASS = YES_ERROR;
				CLANG_WARN_QUOTED_INCLUDE_IN_FRAMEWORK_HEADER = YES;
				CLANG_WARN_RANGE_LOOP_ANALYSIS = YES;
				CLANG_WARN_STRICT_PROTOTYPES = YES;
				CLANG_WARN_SUSPICIOUS_MOVE = YES;
				CLANG_WARN_UNGUARDED_AVAILABILITY = YES_AGGRESSIVE;
				CLANG_WARN_UNREACHABLE_CODE = YES;
				CLANG_WARN__DUPLICATE_METHOD_MATCH = YES;
				COPY_PHASE_STRIP = NO;
				DEBUG_INFORMATION_FORMAT = dwarf;
				ENABLE_STRICT_OBJC_MSGSEND = YES;
				ENABLE_TESTABILITY = YES;
				ENABLE_USER_SCRIPT_SANDBOXING = YES;
				GCC_C_LANGUAGE_STANDARD = gnu17;
				GCC_DYNAMIC_NO_PIC = NO;
				GCC_NO_COMMON_BLOCKS = YES;
				GCC_OPTIMIZATION_LEVEL = 0;
				GCC_PREPROCESSOR_DEFINITIONS = (
					"DEBUG=1",
					"$(inherited)",
				);
				GCC_WARN_64_TO_32_BIT_CONVERSION = YES;
				GCC_WARN_ABOUT_RETURN_TYPE = YES_ERROR;
				GCC_WARN_UNDECLARED_SELECTOR = YES;
				GCC_WARN_UNINITIALIZED_AUTOS = YES_AGGRESSIVE;
				GCC_WARN_UNUSED_FUNCTION = YES;
				GCC_WARN_UNUSED_VARIABLE = YES;
				IPHONEOS_DEPLOYMENT_TARGET = 17.2;
				LOCALIZATION_PREFERS_STRING_CATALOGS = YES;
				MTL_ENABLE_DEBUG_INFO = INCLUDE_SOURCE;
				MTL_FAST_MATH = YES;
				ONLY_ACTIVE_ARCH = YES;
				SDKROOT = iphoneos;
				SWIFT_ACTIVE_COMPILATION_CONDITIONS = "DEBUG $(inherited)";
				SWIFT_OPTIMIZATION_LEVEL = "-Onone";
			};
			name = Debug;
		};
		D2212E682B91683A002F9A96 /* Release */ = {
			isa = XCBuildConfiguration;
			buildSettings = {
				ALWAYS_SEARCH_USER_PATHS = NO;
				ASSETCATALOG_COMPILER_GENERATE_SWIFT_ASSET_SYMBOL_EXTENSIONS = YES;
				CLANG_ANALYZER_NONNULL = YES;
				CLANG_ANALYZER_NUMBER_OBJECT_CONVERSION = YES_AGGRESSIVE;
				CLANG_CXX_LANGUAGE_STANDARD = "gnu++20";
				CLANG_ENABLE_MODULES = YES;
				CLANG_ENABLE_OBJC_ARC = YES;
				CLANG_ENABLE_OBJC_WEAK = YES;
				CLANG_WARN_BLOCK_CAPTURE_AUTORELEASING = YES;
				CLANG_WARN_BOOL_CONVERSION = YES;
				CLANG_WARN_COMMA = YES;
				CLANG_WARN_CONSTANT_CONVERSION = YES;
				CLANG_WARN_DEPRECATED_OBJC_IMPLEMENTATIONS = YES;
				CLANG_WARN_DIRECT_OBJC_ISA_USAGE = YES_ERROR;
				CLANG_WARN_DOCUMENTATION_COMMENTS = YES;
				CLANG_WARN_EMPTY_BODY = YES;
				CLANG_WARN_ENUM_CONVERSION = YES;
				CLANG_WARN_INFINITE_RECURSION = YES;
				CLANG_WARN_INT_CONVERSION = YES;
				CLANG_WARN_NON_LITERAL_NULL_CONVERSION = YES;
				CLANG_WARN_OBJC_IMPLICIT_RETAIN_SELF = YES;
				CLANG_WARN_OBJC_LITERAL_CONVERSION = YES;
				CLANG_WARN_OBJC_ROOT_CLASS = YES_ERROR;
				CLANG_WARN_QUOTED_INCLUDE_IN_FRAMEWORK_HEADER = YES;
				CLANG_WARN_RANGE_LOOP_ANALYSIS = YES;
				CLANG_WARN_STRICT_PROTOTYPES = YES;
				CLANG_WARN_SUSPICIOUS_MOVE = YES;
				CLANG_WARN_UNGUARDED_AVAILABILITY = YES_AGGRESSIVE;
				CLANG_WARN_UNREACHABLE_CODE = YES;
				CLANG_WARN__DUPLICATE_METHOD_MATCH = YES;
				COPY_PHASE_STRIP = NO;
				DEBUG_INFORMATION_FORMAT = "dwarf-with-dsym";
				ENABLE_NS_ASSERTIONS = NO;
				ENABLE_STRICT_OBJC_MSGSEND = YES;
				ENABLE_USER_SCRIPT_SANDBOXING = YES;
				GCC_C_LANGUAGE_STANDARD = gnu17;
				GCC_NO_COMMON_BLOCKS = YES;
				GCC_WARN_64_TO_32_BIT_CONVERSION = YES;
				GCC_WARN_ABOUT_RETURN_TYPE = YES_ERROR;
				GCC_WARN_UNDECLARED_SELECTOR = YES;
				GCC_WARN_UNINITIALIZED_AUTOS = YES_AGGRESSIVE;
				GCC_WARN_UNUSED_FUNCTION = YES;
				GCC_WARN_UNUSED_VARIABLE = YES;
				IPHONEOS_DEPLOYMENT_TARGET = 17.2;
				LOCALIZATION_PREFERS_STRING_CATALOGS = YES;
				MTL_ENABLE_DEBUG_INFO = NO;
				MTL_FAST_MATH = YES;
				SDKROOT = iphoneos;
				SWIFT_COMPILATION_MODE = wholemodule;
				VALIDATE_PRODUCT = YES;
			};
			name = Release;
		};
		D2212E6A2B91683A002F9A96 /* Debug */ = {
			isa = XCBuildConfiguration;
			buildSettings = {
				ASSETCATALOG_COMPILER_APPICON_NAME = AppIcon;
				ASSETCATALOG_COMPILER_GLOBAL_ACCENT_COLOR_NAME = AccentColor;
				CODE_SIGN_STYLE = Automatic;
				CURRENT_PROJECT_VERSION = 1;
				DEVELOPMENT_TEAM = 9QRTB5MNL3;
				GENERATE_INFOPLIST_FILE = YES;
				INFOPLIST_FILE = ButterflyChallenge/Info.plist;
				INFOPLIST_KEY_UIApplicationSupportsIndirectInputEvents = YES;
				INFOPLIST_KEY_UILaunchStoryboardName = LaunchScreen.storyboard;
				INFOPLIST_KEY_UIMainStoryboardFile = "";
				INFOPLIST_KEY_UISupportedInterfaceOrientations = UIInterfaceOrientationPortrait;
				LD_RUNPATH_SEARCH_PATHS = (
					"$(inherited)",
					"@executable_path/Frameworks",
				);
				MARKETING_VERSION = 1.0;
				PRODUCT_BUNDLE_IDENTIFIER = com.tulioparreiras.ButterflyChallenge;
				PRODUCT_NAME = "$(TARGET_NAME)";
				SWIFT_EMIT_LOC_STRINGS = YES;
				SWIFT_VERSION = 5.0;
				TARGETED_DEVICE_FAMILY = "1,2";
			};
			name = Debug;
		};
		D2212E6B2B91683A002F9A96 /* Release */ = {
			isa = XCBuildConfiguration;
			buildSettings = {
				ASSETCATALOG_COMPILER_APPICON_NAME = AppIcon;
				ASSETCATALOG_COMPILER_GLOBAL_ACCENT_COLOR_NAME = AccentColor;
				CODE_SIGN_STYLE = Automatic;
				CURRENT_PROJECT_VERSION = 1;
				DEVELOPMENT_TEAM = 9QRTB5MNL3;
				GENERATE_INFOPLIST_FILE = YES;
				INFOPLIST_FILE = ButterflyChallenge/Info.plist;
				INFOPLIST_KEY_UIApplicationSupportsIndirectInputEvents = YES;
				INFOPLIST_KEY_UILaunchStoryboardName = LaunchScreen.storyboard;
				INFOPLIST_KEY_UIMainStoryboardFile = "";
				INFOPLIST_KEY_UISupportedInterfaceOrientations = UIInterfaceOrientationPortrait;
				LD_RUNPATH_SEARCH_PATHS = (
					"$(inherited)",
					"@executable_path/Frameworks",
				);
				MARKETING_VERSION = 1.0;
				PRODUCT_BUNDLE_IDENTIFIER = com.tulioparreiras.ButterflyChallenge;
				PRODUCT_NAME = "$(TARGET_NAME)";
				SWIFT_EMIT_LOC_STRINGS = YES;
				SWIFT_VERSION = 5.0;
				TARGETED_DEVICE_FAMILY = "1,2";
			};
			name = Release;
		};
		D2212E6D2B91683A002F9A96 /* Debug */ = {
			isa = XCBuildConfiguration;
			buildSettings = {
				ALWAYS_EMBED_SWIFT_STANDARD_LIBRARIES = YES;
				BUNDLE_LOADER = "$(TEST_HOST)";
				CODE_SIGN_STYLE = Automatic;
				CURRENT_PROJECT_VERSION = 1;
				DEVELOPMENT_TEAM = 9QRTB5MNL3;
				GENERATE_INFOPLIST_FILE = YES;
				IPHONEOS_DEPLOYMENT_TARGET = 17.2;
				MARKETING_VERSION = 1.0;
				PRODUCT_BUNDLE_IDENTIFIER = com.tulioparreiras.ButterflyChallengeTests;
				PRODUCT_NAME = "$(TARGET_NAME)";
				SWIFT_EMIT_LOC_STRINGS = NO;
				SWIFT_VERSION = 5.0;
				TARGETED_DEVICE_FAMILY = "1,2";
				TEST_HOST = "$(BUILT_PRODUCTS_DIR)/ButterflyChallenge.app/$(BUNDLE_EXECUTABLE_FOLDER_PATH)/ButterflyChallenge";
			};
			name = Debug;
		};
		D2212E6E2B91683A002F9A96 /* Release */ = {
			isa = XCBuildConfiguration;
			buildSettings = {
				ALWAYS_EMBED_SWIFT_STANDARD_LIBRARIES = YES;
				BUNDLE_LOADER = "$(TEST_HOST)";
				CODE_SIGN_STYLE = Automatic;
				CURRENT_PROJECT_VERSION = 1;
				DEVELOPMENT_TEAM = 9QRTB5MNL3;
				GENERATE_INFOPLIST_FILE = YES;
				IPHONEOS_DEPLOYMENT_TARGET = 17.2;
				MARKETING_VERSION = 1.0;
				PRODUCT_BUNDLE_IDENTIFIER = com.tulioparreiras.ButterflyChallengeTests;
				PRODUCT_NAME = "$(TARGET_NAME)";
				SWIFT_EMIT_LOC_STRINGS = NO;
				SWIFT_VERSION = 5.0;
				TARGETED_DEVICE_FAMILY = "1,2";
				TEST_HOST = "$(BUILT_PRODUCTS_DIR)/ButterflyChallenge.app/$(BUNDLE_EXECUTABLE_FOLDER_PATH)/ButterflyChallenge";
			};
			name = Release;
		};
		D2212E702B91683A002F9A96 /* Debug */ = {
			isa = XCBuildConfiguration;
			buildSettings = {
				ALWAYS_EMBED_SWIFT_STANDARD_LIBRARIES = YES;
				CODE_SIGN_STYLE = Automatic;
				CURRENT_PROJECT_VERSION = 1;
				DEVELOPMENT_TEAM = 9QRTB5MNL3;
				GENERATE_INFOPLIST_FILE = YES;
				MARKETING_VERSION = 1.0;
				PRODUCT_BUNDLE_IDENTIFIER = com.tulioparreiras.ButterflyChallengeUITests;
				PRODUCT_NAME = "$(TARGET_NAME)";
				SWIFT_EMIT_LOC_STRINGS = NO;
				SWIFT_VERSION = 5.0;
				TARGETED_DEVICE_FAMILY = "1,2";
				TEST_TARGET_NAME = ButterflyChallenge;
			};
			name = Debug;
		};
		D2212E712B91683A002F9A96 /* Release */ = {
			isa = XCBuildConfiguration;
			buildSettings = {
				ALWAYS_EMBED_SWIFT_STANDARD_LIBRARIES = YES;
				CODE_SIGN_STYLE = Automatic;
				CURRENT_PROJECT_VERSION = 1;
				DEVELOPMENT_TEAM = 9QRTB5MNL3;
				GENERATE_INFOPLIST_FILE = YES;
				MARKETING_VERSION = 1.0;
				PRODUCT_BUNDLE_IDENTIFIER = com.tulioparreiras.ButterflyChallengeUITests;
				PRODUCT_NAME = "$(TARGET_NAME)";
				SWIFT_EMIT_LOC_STRINGS = NO;
				SWIFT_VERSION = 5.0;
				TARGETED_DEVICE_FAMILY = "1,2";
				TEST_TARGET_NAME = ButterflyChallenge;
			};
			name = Release;
		};
/* End XCBuildConfiguration section */

/* Begin XCConfigurationList section */
		D2212E3A2B916839002F9A96 /* Build configuration list for PBXProject "ButterflyChallenge" */ = {
			isa = XCConfigurationList;
			buildConfigurations = (
				D2212E672B91683A002F9A96 /* Debug */,
				D2212E682B91683A002F9A96 /* Release */,
			);
			defaultConfigurationIsVisible = 0;
			defaultConfigurationName = Release;
		};
		D2212E692B91683A002F9A96 /* Build configuration list for PBXNativeTarget "ButterflyChallenge" */ = {
			isa = XCConfigurationList;
			buildConfigurations = (
				D2212E6A2B91683A002F9A96 /* Debug */,
				D2212E6B2B91683A002F9A96 /* Release */,
			);
			defaultConfigurationIsVisible = 0;
			defaultConfigurationName = Release;
		};
		D2212E6C2B91683A002F9A96 /* Build configuration list for PBXNativeTarget "ButterflyChallengeTests" */ = {
			isa = XCConfigurationList;
			buildConfigurations = (
				D2212E6D2B91683A002F9A96 /* Debug */,
				D2212E6E2B91683A002F9A96 /* Release */,
			);
			defaultConfigurationIsVisible = 0;
			defaultConfigurationName = Release;
		};
		D2212E6F2B91683A002F9A96 /* Build configuration list for PBXNativeTarget "ButterflyChallengeUITests" */ = {
			isa = XCConfigurationList;
			buildConfigurations = (
				D2212E702B91683A002F9A96 /* Debug */,
				D2212E712B91683A002F9A96 /* Release */,
			);
			defaultConfigurationIsVisible = 0;
			defaultConfigurationName = Release;
		};
/* End XCConfigurationList section */
	};
	rootObject = D2212E372B916839002F9A96 /* Project object */;
}
